
Microsoft Visual Studio Solution File, Format Version 12.00
# Visual Studio Version 16
VisualStudioVersion = 16.0.31005.135
MinimumVisualStudioVersion = 10.0.40219.1
Project("{FAE04EC0-301F-11D3-BF4B-00C04F79EFBC}") = "home_work1", "home_work1\home_work1.csproj", "{2E118352-8F09-4214-9D05-28DFBFFD2FEC}"
EndProject
Project("{FAE04EC0-301F-11D3-BF4B-00C04F79EFBC}") = "averageTemp", "home_work2\home_work 2.1\averageTemp\averageTemp.csproj", "{04ACC443-C1EA-4C33-BAB2-FD82CCDF3CCD}"
EndProject
Project("{FAE04EC0-301F-11D3-BF4B-00C04F79EFBC}") = "evenNumber_2.3", "evenNumber_2.3\evenNumber_2.3.csproj", "{BC932D64-F3FF-4CC4-9048-D09D6FBDF911}"
EndProject
Project("{FAE04EC0-301F-11D3-BF4B-00C04F79EFBC}") = "check_2.4", "check_2.3\check_2.4.csproj", "{A3124103-5A31-4F7B-BB39-C39CBAF3E67E}"
EndProject
Project("{FAE04EC0-301F-11D3-BF4B-00C04F79EFBC}") = "workDay_2.6", "workDay_2.6\workDay_2.6.csproj", "{141C00FC-50C8-4318-B19C-CD3169B0D54B}"
EndProject
Project("{FAE04EC0-301F-11D3-BF4B-00C04F79EFBC}") = "homeWork_3.1", "homeWork_3.1\homeWork_3.1.csproj", "{CF1C44A5-E9BE-4E47-BCF6-5F0A3AB82564}"
EndProject
Project("{FAE04EC0-301F-11D3-BF4B-00C04F79EFBC}") = "homeWork_3.2", "homeWork_3.2\homeWork_3.2.csproj", "{E47C6F09-07D8-43CA-9CC2-2A483215E8AB}"
EndProject
Project("{FAE04EC0-301F-11D3-BF4B-00C04F79EFBC}") = "homeWork_3.3", "homeWork_3.3\homeWork_3.3.csproj", "{630E5B9D-631F-44D2-A5D4-07A296A4E756}"
EndProject
Project("{FAE04EC0-301F-11D3-BF4B-00C04F79EFBC}") = "seaBattle", "seaBattle\seaBattle.csproj", "{D0F04AA2-8C62-4539-99B3-0B118597073F}"
EndProject
Project("{FAE04EC0-301F-11D3-BF4B-00C04F79EFBC}") = "homeWork_4.1", "homeWork_4.1\homeWork_4.1.csproj", "{D6903333-CD1A-4623-BA4C-1BB09F9F457F}"
EndProject
Project("{FAE04EC0-301F-11D3-BF4B-00C04F79EFBC}") = "homeWork_4.2", "homeWork_4.2\homeWork_4.2.csproj", "{F6EFEC5F-199C-4131-88BA-22994723DD81}"
EndProject
Global
	GlobalSection(SolutionConfigurationPlatforms) = preSolution
		Debug|Any CPU = Debug|Any CPU
		Release|Any CPU = Release|Any CPU
	EndGlobalSection
	GlobalSection(ProjectConfigurationPlatforms) = postSolution
		{2E118352-8F09-4214-9D05-28DFBFFD2FEC}.Debug|Any CPU.ActiveCfg = Debug|Any CPU
		{2E118352-8F09-4214-9D05-28DFBFFD2FEC}.Debug|Any CPU.Build.0 = Debug|Any CPU
		{2E118352-8F09-4214-9D05-28DFBFFD2FEC}.Release|Any CPU.ActiveCfg = Release|Any CPU
		{2E118352-8F09-4214-9D05-28DFBFFD2FEC}.Release|Any CPU.Build.0 = Release|Any CPU
		{04ACC443-C1EA-4C33-BAB2-FD82CCDF3CCD}.Debug|Any CPU.ActiveCfg = Debug|Any CPU
		{04ACC443-C1EA-4C33-BAB2-FD82CCDF3CCD}.Debug|Any CPU.Build.0 = Debug|Any CPU
		{04ACC443-C1EA-4C33-BAB2-FD82CCDF3CCD}.Release|Any CPU.ActiveCfg = Release|Any CPU
		{04ACC443-C1EA-4C33-BAB2-FD82CCDF3CCD}.Release|Any CPU.Build.0 = Release|Any CPU
		{BC932D64-F3FF-4CC4-9048-D09D6FBDF911}.Debug|Any CPU.ActiveCfg = Debug|Any CPU
		{BC932D64-F3FF-4CC4-9048-D09D6FBDF911}.Debug|Any CPU.Build.0 = Debug|Any CPU
		{BC932D64-F3FF-4CC4-9048-D09D6FBDF911}.Release|Any CPU.ActiveCfg = Release|Any CPU
		{BC932D64-F3FF-4CC4-9048-D09D6FBDF911}.Release|Any CPU.Build.0 = Release|Any CPU
		{A3124103-5A31-4F7B-BB39-C39CBAF3E67E}.Debug|Any CPU.ActiveCfg = Debug|Any CPU
		{A3124103-5A31-4F7B-BB39-C39CBAF3E67E}.Debug|Any CPU.Build.0 = Debug|Any CPU
		{A3124103-5A31-4F7B-BB39-C39CBAF3E67E}.Release|Any CPU.ActiveCfg = Release|Any CPU
		{A3124103-5A31-4F7B-BB39-C39CBAF3E67E}.Release|Any CPU.Build.0 = Release|Any CPU
		{141C00FC-50C8-4318-B19C-CD3169B0D54B}.Debug|Any CPU.ActiveCfg = Debug|Any CPU
		{141C00FC-50C8-4318-B19C-CD3169B0D54B}.Debug|Any CPU.Build.0 = Debug|Any CPU
		{141C00FC-50C8-4318-B19C-CD3169B0D54B}.Release|Any CPU.ActiveCfg = Release|Any CPU
		{141C00FC-50C8-4318-B19C-CD3169B0D54B}.Release|Any CPU.Build.0 = Release|Any CPU
		{CF1C44A5-E9BE-4E47-BCF6-5F0A3AB82564}.Debug|Any CPU.ActiveCfg = Debug|Any CPU
		{CF1C44A5-E9BE-4E47-BCF6-5F0A3AB82564}.Debug|Any CPU.Build.0 = Debug|Any CPU
		{CF1C44A5-E9BE-4E47-BCF6-5F0A3AB82564}.Release|Any CPU.ActiveCfg = Release|Any CPU
		{CF1C44A5-E9BE-4E47-BCF6-5F0A3AB82564}.Release|Any CPU.Build.0 = Release|Any CPU
		{E47C6F09-07D8-43CA-9CC2-2A483215E8AB}.Debug|Any CPU.ActiveCfg = Debug|Any CPU
		{E47C6F09-07D8-43CA-9CC2-2A483215E8AB}.Debug|Any CPU.Build.0 = Debug|Any CPU
		{E47C6F09-07D8-43CA-9CC2-2A483215E8AB}.Release|Any CPU.ActiveCfg = Release|Any CPU
		{E47C6F09-07D8-43CA-9CC2-2A483215E8AB}.Release|Any CPU.Build.0 = Release|Any CPU
		{630E5B9D-631F-44D2-A5D4-07A296A4E756}.Debug|Any CPU.ActiveCfg = Debug|Any CPU
		{630E5B9D-631F-44D2-A5D4-07A296A4E756}.Debug|Any CPU.Build.0 = Debug|Any CPU
		{630E5B9D-631F-44D2-A5D4-07A296A4E756}.Release|Any CPU.ActiveCfg = Release|Any CPU
		{630E5B9D-631F-44D2-A5D4-07A296A4E756}.Release|Any CPU.Build.0 = Release|Any CPU
		{D0F04AA2-8C62-4539-99B3-0B118597073F}.Debug|Any CPU.ActiveCfg = Debug|Any CPU
		{D0F04AA2-8C62-4539-99B3-0B118597073F}.Debug|Any CPU.Build.0 = Debug|Any CPU
		{D0F04AA2-8C62-4539-99B3-0B118597073F}.Release|Any CPU.ActiveCfg = Release|Any CPU
		{D0F04AA2-8C62-4539-99B3-0B118597073F}.Release|Any CPU.Build.0 = Release|Any CPU
		{D6903333-CD1A-4623-BA4C-1BB09F9F457F}.Debug|Any CPU.ActiveCfg = Debug|Any CPU
		{D6903333-CD1A-4623-BA4C-1BB09F9F457F}.Debug|Any CPU.Build.0 = Debug|Any CPU
		{D6903333-CD1A-4623-BA4C-1BB09F9F457F}.Release|Any CPU.ActiveCfg = Release|Any CPU
		{D6903333-CD1A-4623-BA4C-1BB09F9F457F}.Release|Any CPU.Build.0 = Release|Any CPU
		{F6EFEC5F-199C-4131-88BA-22994723DD81}.Debug|Any CPU.ActiveCfg = Debug|Any CPU
		{F6EFEC5F-199C-4131-88BA-22994723DD81}.Debug|Any CPU.Build.0 = Debug|Any CPU
		{F6EFEC5F-199C-4131-88BA-22994723DD81}.Release|Any CPU.ActiveCfg = Release|Any CPU
		{F6EFEC5F-199C-4131-88BA-22994723DD81}.Release|Any CPU.Build.0 = Release|Any CPU
	EndGlobalSection
	GlobalSection(SolutionProperties) = preSolution
		HideSolutionNode = FALSE
	EndGlobalSection
	GlobalSection(ExtensibilityGlobals) = postSolution
		SolutionGuid = {8599B4F6-05EF-415B-AA30-7AED5CE9B592}
	EndGlobalSection
EndGlobal
